
Microsoft Visual Studio Solution File, Format Version 12.00
# Visual Studio Version 17
VisualStudioVersion = 17.0.31919.166
MinimumVisualStudioVersion = 10.0.40219.1
Project("{9A19103F-16F7-4668-BE54-9A1E7A4F7556}") = "AoC-2021-Day01-Sonar-Sweep", "AoC-2021-Day1\AoC-2021-Day01-Sonar-Sweep.csproj", "{7E2D187D-717B-4F64-BB34-44C8B54B25FB}"
EndProject
Project("{9A19103F-16F7-4668-BE54-9A1E7A4F7556}") = "AoC-2021-Day02-Dive", "AoC-2021-Day2\AoC-2021-Day02-Dive.csproj", "{971C0F95-7455-494F-9DA5-93E2695580F3}"
EndProject
Project("{FAE04EC0-301F-11D3-BF4B-00C04F79EFBC}") = "AoC-2021-Day03-Binary-Diagnostic", "AoC-2021-Day3\AoC-2021-Day03-Binary-Diagnostic.csproj", "{4A035D7A-EBA1-4156-BA15-0A3FBD31395F}"
EndProject
Project("{FAE04EC0-301F-11D3-BF4B-00C04F79EFBC}") = "AoC-2021-Day04-Giant-Squid", "AoC-2021-Day4\AoC-2021-Day04-Giant-Squid.csproj", "{B1EF3EE4-82C2-465D-BC7B-25C9B5C63BB5}"
EndProject
Project("{FAE04EC0-301F-11D3-BF4B-00C04F79EFBC}") = "AoC-2021-Day05-Hydrothermal-Venture", "AoC-2021-Day5\AoC-2021-Day05-Hydrothermal-Venture.csproj", "{5ADC7F55-B6C7-4011-966A-A863CAEB8D3E}"
EndProject
Project("{FAE04EC0-301F-11D3-BF4B-00C04F79EFBC}") = "AoC-2021-Day06-LanternFish", "AoC-2021-Day6\AoC-2021-Day06-LanternFish.csproj", "{542EAADE-D081-4BDF-8232-16BB34EAF864}"
EndProject
Project("{FAE04EC0-301F-11D3-BF4B-00C04F79EFBC}") = "AoC-2021-Day07-TheTreacheryOfWhales", "A0C-2021-Day7\AoC-2021-Day07-TheTreacheryOfWhales.csproj", "{F609946D-ABEB-4998-B5BF-4697735134ED}"
EndProject
Project("{FAE04EC0-301F-11D3-BF4B-00C04F79EFBC}") = "AoC-2021-Day08-SevenSegmentSearch", "AoC-2021-Day8-SevenSegmentSearch\AoC-2021-Day08-SevenSegmentSearch.csproj", "{49D90D49-8E80-4CE8-8A4D-42C650F5BD39}"
EndProject
Project("{FAE04EC0-301F-11D3-BF4B-00C04F79EFBC}") = "AoC-2021-Day09-SmokeBasin", "AoC-2021-Day9-\AoC-2021-Day09-SmokeBasin.csproj", "{23A811E2-CEBE-40E1-8A2B-6C66B9AA9C0C}"
EndProject
Project("{FAE04EC0-301F-11D3-BF4B-00C04F79EFBC}") = "AoC-2021-Day10-SyntaxScoring", "AoC-2021-Day10-SyntaxScoring\AoC-2021-Day10-SyntaxScoring.csproj", "{A0F2A9F2-8A56-4105-BBA7-6C3D7488B2C7}"
EndProject
Project("{FAE04EC0-301F-11D3-BF4B-00C04F79EFBC}") = "AoC-2021-Day13-TransparentOrigami", "AoC-2021-Day13-TransparentOrigami\AoC-2021-Day13-TransparentOrigami.csproj", "{A6A0637D-56FF-41C9-9440-5171F435312E}"
EndProject
Project("{FAE04EC0-301F-11D3-BF4B-00C04F79EFBC}") = "AoC-2021-Day14-ExtendedPolymerization", "AoC-2021-Day14-ExtendedPolymerization\AoC-2021-Day14-ExtendedPolymerization.csproj", "{1F8D6645-1312-488C-9055-072F128D8ABB}"
EndProject
Project("{FAE04EC0-301F-11D3-BF4B-00C04F79EFBC}") = "AoC-2021-Day17-TrickShot", "AoC-2021-Day17-TrickShot\AoC-2021-Day17-TrickShot.csproj", "{326ECFAF-31D9-483A-9DEF-AAAD302DC63C}"
EndProject
Project("{FAE04EC0-301F-11D3-BF4B-00C04F79EFBC}") = "AoC-2021-Day25-SeaCucumber", "AoC-2021-Day25-SeaCucumber\AoC-2021-Day25-SeaCucumber.csproj", "{D10087EE-472B-4336-BFEE-1F740A5B91CF}"
EndProject
Global
	GlobalSection(SolutionConfigurationPlatforms) = preSolution
		Debug|Any CPU = Debug|Any CPU
		Release|Any CPU = Release|Any CPU
	EndGlobalSection
	GlobalSection(ProjectConfigurationPlatforms) = postSolution
		{7E2D187D-717B-4F64-BB34-44C8B54B25FB}.Debug|Any CPU.ActiveCfg = Debug|Any CPU
		{7E2D187D-717B-4F64-BB34-44C8B54B25FB}.Debug|Any CPU.Build.0 = Debug|Any CPU
		{7E2D187D-717B-4F64-BB34-44C8B54B25FB}.Release|Any CPU.ActiveCfg = Release|Any CPU
		{7E2D187D-717B-4F64-BB34-44C8B54B25FB}.Release|Any CPU.Build.0 = Release|Any CPU
		{971C0F95-7455-494F-9DA5-93E2695580F3}.Debug|Any CPU.ActiveCfg = Debug|Any CPU
		{971C0F95-7455-494F-9DA5-93E2695580F3}.Debug|Any CPU.Build.0 = Debug|Any CPU
		{971C0F95-7455-494F-9DA5-93E2695580F3}.Release|Any CPU.ActiveCfg = Release|Any CPU
		{971C0F95-7455-494F-9DA5-93E2695580F3}.Release|Any CPU.Build.0 = Release|Any CPU
		{4A035D7A-EBA1-4156-BA15-0A3FBD31395F}.Debug|Any CPU.ActiveCfg = Debug|Any CPU
		{4A035D7A-EBA1-4156-BA15-0A3FBD31395F}.Debug|Any CPU.Build.0 = Debug|Any CPU
		{4A035D7A-EBA1-4156-BA15-0A3FBD31395F}.Release|Any CPU.ActiveCfg = Release|Any CPU
		{4A035D7A-EBA1-4156-BA15-0A3FBD31395F}.Release|Any CPU.Build.0 = Release|Any CPU
		{B1EF3EE4-82C2-465D-BC7B-25C9B5C63BB5}.Debug|Any CPU.ActiveCfg = Debug|Any CPU
		{B1EF3EE4-82C2-465D-BC7B-25C9B5C63BB5}.Debug|Any CPU.Build.0 = Debug|Any CPU
		{B1EF3EE4-82C2-465D-BC7B-25C9B5C63BB5}.Release|Any CPU.ActiveCfg = Release|Any CPU
		{B1EF3EE4-82C2-465D-BC7B-25C9B5C63BB5}.Release|Any CPU.Build.0 = Release|Any CPU
		{5ADC7F55-B6C7-4011-966A-A863CAEB8D3E}.Debug|Any CPU.ActiveCfg = Debug|Any CPU
		{5ADC7F55-B6C7-4011-966A-A863CAEB8D3E}.Debug|Any CPU.Build.0 = Debug|Any CPU
		{5ADC7F55-B6C7-4011-966A-A863CAEB8D3E}.Release|Any CPU.ActiveCfg = Release|Any CPU
		{5ADC7F55-B6C7-4011-966A-A863CAEB8D3E}.Release|Any CPU.Build.0 = Release|Any CPU
		{542EAADE-D081-4BDF-8232-16BB34EAF864}.Debug|Any CPU.ActiveCfg = Debug|Any CPU
		{542EAADE-D081-4BDF-8232-16BB34EAF864}.Debug|Any CPU.Build.0 = Debug|Any CPU
		{542EAADE-D081-4BDF-8232-16BB34EAF864}.Release|Any CPU.ActiveCfg = Release|Any CPU
		{542EAADE-D081-4BDF-8232-16BB34EAF864}.Release|Any CPU.Build.0 = Release|Any CPU
		{F609946D-ABEB-4998-B5BF-4697735134ED}.Debug|Any CPU.ActiveCfg = Debug|Any CPU
		{F609946D-ABEB-4998-B5BF-4697735134ED}.Debug|Any CPU.Build.0 = Debug|Any CPU
		{F609946D-ABEB-4998-B5BF-4697735134ED}.Release|Any CPU.ActiveCfg = Release|Any CPU
		{F609946D-ABEB-4998-B5BF-4697735134ED}.Release|Any CPU.Build.0 = Release|Any CPU
		{49D90D49-8E80-4CE8-8A4D-42C650F5BD39}.Debug|Any CPU.ActiveCfg = Debug|Any CPU
		{49D90D49-8E80-4CE8-8A4D-42C650F5BD39}.Debug|Any CPU.Build.0 = Debug|Any CPU
		{49D90D49-8E80-4CE8-8A4D-42C650F5BD39}.Release|Any CPU.ActiveCfg = Release|Any CPU
		{49D90D49-8E80-4CE8-8A4D-42C650F5BD39}.Release|Any CPU.Build.0 = Release|Any CPU
		{23A811E2-CEBE-40E1-8A2B-6C66B9AA9C0C}.Debug|Any CPU.ActiveCfg = Debug|Any CPU
		{23A811E2-CEBE-40E1-8A2B-6C66B9AA9C0C}.Debug|Any CPU.Build.0 = Debug|Any CPU
		{23A811E2-CEBE-40E1-8A2B-6C66B9AA9C0C}.Release|Any CPU.ActiveCfg = Release|Any CPU
		{23A811E2-CEBE-40E1-8A2B-6C66B9AA9C0C}.Release|Any CPU.Build.0 = Release|Any CPU
		{A0F2A9F2-8A56-4105-BBA7-6C3D7488B2C7}.Debug|Any CPU.ActiveCfg = Debug|Any CPU
		{A0F2A9F2-8A56-4105-BBA7-6C3D7488B2C7}.Debug|Any CPU.Build.0 = Debug|Any CPU
		{A0F2A9F2-8A56-4105-BBA7-6C3D7488B2C7}.Release|Any CPU.ActiveCfg = Release|Any CPU
		{A0F2A9F2-8A56-4105-BBA7-6C3D7488B2C7}.Release|Any CPU.Build.0 = Release|Any CPU
		{A6A0637D-56FF-41C9-9440-5171F435312E}.Debug|Any CPU.ActiveCfg = Debug|Any CPU
		{A6A0637D-56FF-41C9-9440-5171F435312E}.Debug|Any CPU.Build.0 = Debug|Any CPU
		{A6A0637D-56FF-41C9-9440-5171F435312E}.Release|Any CPU.ActiveCfg = Release|Any CPU
		{A6A0637D-56FF-41C9-9440-5171F435312E}.Release|Any CPU.Build.0 = Release|Any CPU
		{1F8D6645-1312-488C-9055-072F128D8ABB}.Debug|Any CPU.ActiveCfg = Debug|Any CPU
		{1F8D6645-1312-488C-9055-072F128D8ABB}.Debug|Any CPU.Build.0 = Debug|Any CPU
		{1F8D6645-1312-488C-9055-072F128D8ABB}.Release|Any CPU.ActiveCfg = Release|Any CPU
		{1F8D6645-1312-488C-9055-072F128D8ABB}.Release|Any CPU.Build.0 = Release|Any CPU
		{326ECFAF-31D9-483A-9DEF-AAAD302DC63C}.Debug|Any CPU.ActiveCfg = Debug|Any CPU
		{326ECFAF-31D9-483A-9DEF-AAAD302DC63C}.Debug|Any CPU.Build.0 = Debug|Any CPU
		{326ECFAF-31D9-483A-9DEF-AAAD302DC63C}.Release|Any CPU.ActiveCfg = Release|Any CPU
		{326ECFAF-31D9-483A-9DEF-AAAD302DC63C}.Release|Any CPU.Build.0 = Release|Any CPU
		{D10087EE-472B-4336-BFEE-1F740A5B91CF}.Debug|Any CPU.ActiveCfg = Debug|Any CPU
		{D10087EE-472B-4336-BFEE-1F740A5B91CF}.Debug|Any CPU.Build.0 = Debug|Any CPU
		{D10087EE-472B-4336-BFEE-1F740A5B91CF}.Release|Any CPU.ActiveCfg = Release|Any CPU
		{D10087EE-472B-4336-BFEE-1F740A5B91CF}.Release|Any CPU.Build.0 = Release|Any CPU
	EndGlobalSection
	GlobalSection(SolutionProperties) = preSolution
		HideSolutionNode = FALSE
	EndGlobalSection
	GlobalSection(ExtensibilityGlobals) = postSolution
		SolutionGuid = {851A5984-2367-4A40-9C65-F3F77699C352}
	EndGlobalSection
EndGlobal
